// !$*UTF8*$!
{
	archiveVersion = 1;
	classes = {
	};
	objectVersion = 48;
	objects = {

/* Begin PBXBuildFile section */
		7D1B6F0D1F29851E00AB035D /* Pin.scn in Resources */ = {isa = PBXBuildFile; fileRef = 7D1B6F0C1F2983DA00AB035D /* Pin.scn */; };
		7D282F141FD11DE700D00B86 /* Serialize.swift in Sources */ = {isa = PBXBuildFile; fileRef = 7D282F131FD11DE600D00B86 /* Serialize.swift */; };
		7D3263771FF7FB490040375C /* ZipUtilities.swift in Sources */ = {isa = PBXBuildFile; fileRef = 7DF098941FDDA3B9004A92AA /* ZipUtilities.swift */; };
		7D3263781FF7FB4D0040375C /* QuickZip.swift in Sources */ = {isa = PBXBuildFile; fileRef = 7DF0989E1FDDA3B9004A92AA /* QuickZip.swift */; };
		7D3263791FF7FB530040375C /* Zip.swift in Sources */ = {isa = PBXBuildFile; fileRef = 7DF098A11FDDA3B9004A92AA /* Zip.swift */; };
		7D32637B1FF7FBFA0040375C /* ModelCompressor.swift in Sources */ = {isa = PBXBuildFile; fileRef = 7D32637A1FF7FBFA0040375C /* ModelCompressor.swift */; };
		7D53471F203A961A00714A6F /* PathShader.metal in Sources */ = {isa = PBXBuildFile; fileRef = 7D53471E203A961A00714A6F /* PathShader.metal */; };
		7D534722203B4CE300714A6F /* AKAnchorAssetModel.swift in Sources */ = {isa = PBXBuildFile; fileRef = 7D534721203B4CE300714A6F /* AKAnchorAssetModel.swift */; };
		7D5EEC1E1FDC5EDD00E3FE91 /* Pin.scn in Resources */ = {isa = PBXBuildFile; fileRef = 7D1B6F0C1F2983DA00AB035D /* Pin.scn */; };
		7D5EEC1F1FDC628D00E3FE91 /* AKModel.swift in Sources */ = {isa = PBXBuildFile; fileRef = 7DE0C2A81FD46E5E0043FA5F /* AKModel.swift */; };
		7D5EEC201FDC629400E3FE91 /* Serialize.swift in Sources */ = {isa = PBXBuildFile; fileRef = 7D282F131FD11DE600D00B86 /* Serialize.swift */; };
		7D5EEC211FDC629600E3FE91 /* AKMDLAssetModel.swift in Sources */ = {isa = PBXBuildFile; fileRef = 7D1B6F081F23B2B200AB035D /* AKMDLAssetModel.swift */; };
		7D5EEC221FDC629800E3FE91 /* MeshTools.swift in Sources */ = {isa = PBXBuildFile; fileRef = 7DB396AF1F1AFDD30003019B /* MeshTools.swift */; };
		7D5EEC231FDC629B00E3FE91 /* MeshData.swift in Sources */ = {isa = PBXBuildFile; fileRef = 7DB396AD1F1AFD860003019B /* MeshData.swift */; };
		7D5EEC241FDC629E00E3FE91 /* MetalUtilities.swift in Sources */ = {isa = PBXBuildFile; fileRef = 7DB396AB1F1AFBFB0003019B /* MetalUtilities.swift */; };
		7D5FDA321FC72AAE00BAE104 /* RenderModule.swift in Sources */ = {isa = PBXBuildFile; fileRef = 7D5FDA311FC72AAE00BAE104 /* RenderModule.swift */; };
		7D5FDA341FC7333200BAE104 /* SharedBuffersRenderModule.swift in Sources */ = {isa = PBXBuildFile; fileRef = 7D5FDA331FC7333200BAE104 /* SharedBuffersRenderModule.swift */; };
		7D5FDA361FC73AD000BAE104 /* CameraPlaneRenderModule.swift in Sources */ = {isa = PBXBuildFile; fileRef = 7D5FDA351FC73AD000BAE104 /* CameraPlaneRenderModule.swift */; };
		7D5FDA381FC7431500BAE104 /* AnchorsRenderModule.swift in Sources */ = {isa = PBXBuildFile; fileRef = 7D5FDA371FC7431500BAE104 /* AnchorsRenderModule.swift */; };
		7D5FDA3A1FC9CFA400BAE104 /* TrackingPointsRenderModule.swift in Sources */ = {isa = PBXBuildFile; fileRef = 7D5FDA391FC9CFA400BAE104 /* TrackingPointsRenderModule.swift */; };
		7D5FDA3C1FC9E70E00BAE104 /* SurfacesRenderModule.swift in Sources */ = {isa = PBXBuildFile; fileRef = 7D5FDA3B1FC9E70E00BAE104 /* SurfacesRenderModule.swift */; };
		7D5FDA3E1FC9FB4400BAE104 /* Renderer.swift in Sources */ = {isa = PBXBuildFile; fileRef = 7D5FDA3D1FC9FB4400BAE104 /* Renderer.swift */; };
		7D640AEA1FF0174200B35A5A /* AKUserTracker.swift in Sources */ = {isa = PBXBuildFile; fileRef = 7D640AE91FF0174200B35A5A /* AKUserTracker.swift */; };
		7D6E6B501F8F19C300EFC667 /* AugmentKit.framework in Frameworks */ = {isa = PBXBuildFile; fileRef = 7D6E6B471F8F19C300EFC667 /* AugmentKit.framework */; };
		7D6E6B551F8F19C300EFC667 /* AugmentKitTests.swift in Sources */ = {isa = PBXBuildFile; fileRef = 7D6E6B541F8F19C300EFC667 /* AugmentKitTests.swift */; };
		7D6E6B571F8F19C400EFC667 /* AugmentKit.h in Headers */ = {isa = PBXBuildFile; fileRef = 7D6E6B491F8F19C300EFC667 /* AugmentKit.h */; settings = {ATTRIBUTES = (Public, ); }; };
		7D6E6B5E1F8F1C9600EFC667 /* AKSceneKitUtils.swift in Sources */ = {isa = PBXBuildFile; fileRef = 7D3EAC131F7EEDCA0076635C /* AKSceneKitUtils.swift */; };
		7D6E6B5F1F8F1C9D00EFC667 /* AnchorShaders.metal in Sources */ = {isa = PBXBuildFile; fileRef = 7D88D7AC1F0AFD550009A154 /* AnchorShaders.metal */; };
		7D6E6B621F8F1CBC00EFC667 /* AKGroundLayerAnchor.swift in Sources */ = {isa = PBXBuildFile; fileRef = 7D3EAC091F7EA6120076635C /* AKGroundLayerAnchor.swift */; };
		7D6E6B631F8F1CBC00EFC667 /* AKAnchor.swift in Sources */ = {isa = PBXBuildFile; fileRef = 7D3EAC0B1F7EA6790076635C /* AKAnchor.swift */; };
		7D6E6B641F8F1CBC00EFC667 /* AKWorld.swift in Sources */ = {isa = PBXBuildFile; fileRef = 7D3EAC0E1F7EA8440076635C /* AKWorld.swift */; };
		7D6E6B651F8F1CBC00EFC667 /* AKObject.swift in Sources */ = {isa = PBXBuildFile; fileRef = 7D3EAC101F7ED05B0076635C /* AKObject.swift */; };
		7D6E6B661F8F1CBC00EFC667 /* AKUtility.swift in Sources */ = {isa = PBXBuildFile; fileRef = 7D3E48891F88C1C800814875 /* AKUtility.swift */; };
		7D6E6B671F8F1CC300EFC667 /* AKMDLAssetModel.swift in Sources */ = {isa = PBXBuildFile; fileRef = 7D1B6F081F23B2B200AB035D /* AKMDLAssetModel.swift */; };
		7D6E6B681F8F1CC300EFC667 /* MeshTools.swift in Sources */ = {isa = PBXBuildFile; fileRef = 7DB396AF1F1AFDD30003019B /* MeshTools.swift */; };
		7D6E6B691F8F1CC300EFC667 /* MeshData.swift in Sources */ = {isa = PBXBuildFile; fileRef = 7DB396AD1F1AFD860003019B /* MeshData.swift */; };
		7D6E6B6A1F8F1CC300EFC667 /* MetalUtilities.swift in Sources */ = {isa = PBXBuildFile; fileRef = 7DB396AB1F1AFBFB0003019B /* MetalUtilities.swift */; };
		7D6E6B6C1F8F1CDB00EFC667 /* LocationManager.swift in Sources */ = {isa = PBXBuildFile; fileRef = 7D88D7C61F0C07960009A154 /* LocationManager.swift */; };
		7D6E6B6D1F8F1CDB00EFC667 /* MotionManager.swift in Sources */ = {isa = PBXBuildFile; fileRef = 7D8111EE1F12974D00DD11E9 /* MotionManager.swift */; };
		7D6E6B6E1F8F1CDB00EFC667 /* LocalStoreManager.swift in Sources */ = {isa = PBXBuildFile; fileRef = 7D88D7CB1F0C2B0A0009A154 /* LocalStoreManager.swift */; };
		7D6E6B6F1F8F1CDB00EFC667 /* ErrorManager.swift in Sources */ = {isa = PBXBuildFile; fileRef = 7D88D7CD1F0C51CD0009A154 /* ErrorManager.swift */; };
		7D6E6B701F8F1CDB00EFC667 /* WorldLocationManager.swift in Sources */ = {isa = PBXBuildFile; fileRef = 7D88D7CF1F0C53590009A154 /* WorldLocationManager.swift */; };
		7D6E6B711F8F1CDB00EFC667 /* DeviceManager.swift in Sources */ = {isa = PBXBuildFile; fileRef = 7DB396A91F1A96350003019B /* DeviceManager.swift */; };
		7D6E6B721F8F267100EFC667 /* ShaderTypes.h in Headers */ = {isa = PBXBuildFile; fileRef = 7D88D7AE1F0AFD550009A154 /* ShaderTypes.h */; };
		7D818909201EB5DB0021694F /* PathsRenderModule.swift in Sources */ = {isa = PBXBuildFile; fileRef = 7D818908201EB5DB0021694F /* PathsRenderModule.swift */; };
		7D88D7AB1F0AFD550009A154 /* AppDelegate.swift in Sources */ = {isa = PBXBuildFile; fileRef = 7D88D7AA1F0AFD550009A154 /* AppDelegate.swift */; };
		7D88D7B21F0AFD550009A154 /* ViewController.swift in Sources */ = {isa = PBXBuildFile; fileRef = 7D88D7B11F0AFD550009A154 /* ViewController.swift */; };
		7D88D7B51F0AFD550009A154 /* Main.storyboard in Resources */ = {isa = PBXBuildFile; fileRef = 7D88D7B31F0AFD550009A154 /* Main.storyboard */; };
		7D88D7B71F0AFD560009A154 /* Assets.xcassets in Resources */ = {isa = PBXBuildFile; fileRef = 7D88D7B61F0AFD560009A154 /* Assets.xcassets */; };
		7D88D7BA1F0AFD560009A154 /* LaunchScreen.storyboard in Resources */ = {isa = PBXBuildFile; fileRef = 7D88D7B81F0AFD560009A154 /* LaunchScreen.storyboard */; };
		7D8A0A802013D058006CAAAD /* AKRelativePosiiton.swift in Sources */ = {isa = PBXBuildFile; fileRef = 7D8A0A7F2013D058006CAAAD /* AKRelativePosiiton.swift */; };
		7D8A0A822013D143006CAAAD /* AKHeading.swift in Sources */ = {isa = PBXBuildFile; fileRef = 7D8A0A812013D143006CAAAD /* AKHeading.swift */; };
		7D8A0A85201514F0006CAAAD /* compass_512.png in Resources */ = {isa = PBXBuildFile; fileRef = 7D8A0A8320150EAD006CAAAD /* compass_512.png */; };
		7DA9936B1F907A9A00595435 /* AugmentKit.framework in Frameworks */ = {isa = PBXBuildFile; fileRef = 7D6E6B471F8F19C300EFC667 /* AugmentKit.framework */; };
		7DA9936C1F907A9A00595435 /* AugmentKit.framework in Embed Frameworks */ = {isa = PBXBuildFile; fileRef = 7D6E6B471F8F19C300EFC667 /* AugmentKit.framework */; settings = {ATTRIBUTES = (CodeSignOnCopy, RemoveHeadersOnCopy, ); }; };
		7DB2C4E61FDC588F00B355A2 /* AppDelegate.swift in Sources */ = {isa = PBXBuildFile; fileRef = 7DB2C4E51FDC588F00B355A2 /* AppDelegate.swift */; };
		7DB2C4E81FDC588F00B355A2 /* ViewController.swift in Sources */ = {isa = PBXBuildFile; fileRef = 7DB2C4E71FDC588F00B355A2 /* ViewController.swift */; };
		7DB2C4EB1FDC588F00B355A2 /* Main.storyboard in Resources */ = {isa = PBXBuildFile; fileRef = 7DB2C4E91FDC588F00B355A2 /* Main.storyboard */; };
		7DB2C4ED1FDC588F00B355A2 /* Assets.xcassets in Resources */ = {isa = PBXBuildFile; fileRef = 7DB2C4EC1FDC588F00B355A2 /* Assets.xcassets */; };
		7DB2C4F01FDC588F00B355A2 /* LaunchScreen.storyboard in Resources */ = {isa = PBXBuildFile; fileRef = 7DB2C4EE1FDC588F00B355A2 /* LaunchScreen.storyboard */; };
		7DB72CD5202424D70050C61D /* AKPathSegmentAnchor.swift in Sources */ = {isa = PBXBuildFile; fileRef = 7DB72CD4202424D70050C61D /* AKPathSegmentAnchor.swift */; };
		7DBA369C1F7AE0AE0006310A /* plane_grid.png in Resources */ = {isa = PBXBuildFile; fileRef = 7DBA369B1F7AE0AD0006310A /* plane_grid.png */; };
		7DBA36A11F7C1AA10006310A /* ship.scn in Resources */ = {isa = PBXBuildFile; fileRef = 7DBA36A01F7C1A310006310A /* ship.scn */; };
		7DBA36A21F7C1AA50006310A /* texture.png in Resources */ = {isa = PBXBuildFile; fileRef = 7DBA369F1F7C1A310006310A /* texture.png */; };
		7DC785CC1FE6537D00F82FA4 /* AKArchivedModel.swift in Sources */ = {isa = PBXBuildFile; fileRef = 7DC785CB1FE6537D00F82FA4 /* AKArchivedModel.swift */; };
		7DC785D11FE655C100F82FA4 /* AKRemoteArchivedModel.swift in Sources */ = {isa = PBXBuildFile; fileRef = 7DC785D01FE655C100F82FA4 /* AKRemoteArchivedModel.swift */; };
		7DC785D21FE662F600F82FA4 /* unzip.c in Sources */ = {isa = PBXBuildFile; fileRef = 7DF098961FDDA3B9004A92AA /* unzip.c */; };
		7DC785D31FE662FB00F82FA4 /* zip.c in Sources */ = {isa = PBXBuildFile; fileRef = 7DF098971FDDA3B9004A92AA /* zip.c */; };
		7DC785D41FE6630000F82FA4 /* ioapi.c in Sources */ = {isa = PBXBuildFile; fileRef = 7DF098981FDDA3B9004A92AA /* ioapi.c */; };
		7DC785D71FED819C00F82FA4 /* TrackersRenderModule.swift in Sources */ = {isa = PBXBuildFile; fileRef = 7DC785D61FED819C00F82FA4 /* TrackersRenderModule.swift */; };
		7DE0C29B1FD3DF6E0043FA5F /* main.swift in Sources */ = {isa = PBXBuildFile; fileRef = 7DE0C29A1FD3DF6E0043FA5F /* main.swift */; };
		7DE0C2A11FD3DFC60043FA5F /* AugmentKitCLTools.swift in Sources */ = {isa = PBXBuildFile; fileRef = 7DE0C29F1FD3DFC50043FA5F /* AugmentKitCLTools.swift */; };
		7DE0C2A21FD3DFC60043FA5F /* ConsoleIO.swift in Sources */ = {isa = PBXBuildFile; fileRef = 7DE0C2A01FD3DFC50043FA5F /* ConsoleIO.swift */; };
		7DE0C2A31FD3E0850043FA5F /* AKMDLAssetModel.swift in Sources */ = {isa = PBXBuildFile; fileRef = 7D1B6F081F23B2B200AB035D /* AKMDLAssetModel.swift */; };
		7DE0C2A41FD3E0AB0043FA5F /* Serialize.swift in Sources */ = {isa = PBXBuildFile; fileRef = 7D282F131FD11DE600D00B86 /* Serialize.swift */; };
		7DE0C2A51FD3E0AF0043FA5F /* MeshData.swift in Sources */ = {isa = PBXBuildFile; fileRef = 7DB396AD1F1AFD860003019B /* MeshData.swift */; };
		7DE0C2A61FD3E0B30043FA5F /* MeshTools.swift in Sources */ = {isa = PBXBuildFile; fileRef = 7DB396AF1F1AFDD30003019B /* MeshTools.swift */; };
		7DE0C2A71FD3E0C40043FA5F /* MetalUtilities.swift in Sources */ = {isa = PBXBuildFile; fileRef = 7DB396AB1F1AFBFB0003019B /* MetalUtilities.swift */; };
		7DE0C2A91FD46E5E0043FA5F /* AKModel.swift in Sources */ = {isa = PBXBuildFile; fileRef = 7DE0C2A81FD46E5E0043FA5F /* AKModel.swift */; };
		7DE0C2AA1FD476FA0043FA5F /* AKModel.swift in Sources */ = {isa = PBXBuildFile; fileRef = 7DE0C2A81FD46E5E0043FA5F /* AKModel.swift */; };
		7DF697EB1FCD26F500292F66 /* AKModelProvider.swift in Sources */ = {isa = PBXBuildFile; fileRef = 7DF697EA1FCD26F500292F66 /* AKModelProvider.swift */; };
		7DFCF6031FC08CD300E8A560 /* ImageCaptureShaders.metal in Sources */ = {isa = PBXBuildFile; fileRef = 7DFCF6021FC08CD300E8A560 /* ImageCaptureShaders.metal */; };
		7DFCF6051FC096A900E8A560 /* PointShader.metal in Sources */ = {isa = PBXBuildFile; fileRef = 7DFCF6041FC096A900E8A560 /* PointShader.metal */; };
/* End PBXBuildFile section */

/* Begin PBXContainerItemProxy section */
		7D6E6B511F8F19C300EFC667 /* PBXContainerItemProxy */ = {
			isa = PBXContainerItemProxy;
			containerPortal = 7D88D79F1F0AFD550009A154 /* Project object */;
			proxyType = 1;
			remoteGlobalIDString = 7D6E6B461F8F19C300EFC667;
			remoteInfo = AugmentKit;
		};
		7DA9936D1F907A9A00595435 /* PBXContainerItemProxy */ = {
			isa = PBXContainerItemProxy;
			containerPortal = 7D88D79F1F0AFD550009A154 /* Project object */;
			proxyType = 1;
			remoteGlobalIDString = 7D6E6B461F8F19C300EFC667;
			remoteInfo = AugmentKit;
		};
/* End PBXContainerItemProxy section */

/* Begin PBXCopyFilesBuildPhase section */
		7DA9936F1F907A9B00595435 /* Embed Frameworks */ = {
			isa = PBXCopyFilesBuildPhase;
			buildActionMask = 2147483647;
			dstPath = "";
			dstSubfolderSpec = 10;
			files = (
				7DA9936C1F907A9A00595435 /* AugmentKit.framework in Embed Frameworks */,
			);
			name = "Embed Frameworks";
			runOnlyForDeploymentPostprocessing = 0;
		};
		7DE0C2961FD3DF6D0043FA5F /* CopyFiles */ = {
			isa = PBXCopyFilesBuildPhase;
			buildActionMask = 2147483647;
			dstPath = /usr/share/man/man1/;
			dstSubfolderSpec = 0;
			files = (
			);
			runOnlyForDeploymentPostprocessing = 1;
		};
/* End PBXCopyFilesBuildPhase section */

/* Begin PBXFileReference section */
		7D1B6F081F23B2B200AB035D /* AKMDLAssetModel.swift */ = {isa = PBXFileReference; lastKnownFileType = sourcecode.swift; path = AKMDLAssetModel.swift; sourceTree = "<group>"; };
		7D1B6F0C1F2983DA00AB035D /* Pin.scn */ = {isa = PBXFileReference; lastKnownFileType = file.bplist; path = Pin.scn; sourceTree = "<group>"; };
		7D282F131FD11DE600D00B86 /* Serialize.swift */ = {isa = PBXFileReference; fileEncoding = 4; lastKnownFileType = sourcecode.swift; path = Serialize.swift; sourceTree = "<group>"; };
		7D32637A1FF7FBFA0040375C /* ModelCompressor.swift */ = {isa = PBXFileReference; lastKnownFileType = sourcecode.swift; path = ModelCompressor.swift; sourceTree = "<group>"; };
		7D3E48891F88C1C800814875 /* AKUtility.swift */ = {isa = PBXFileReference; lastKnownFileType = sourcecode.swift; path = AKUtility.swift; sourceTree = "<group>"; };
		7D3EAC091F7EA6120076635C /* AKGroundLayerAnchor.swift */ = {isa = PBXFileReference; fileEncoding = 4; lastKnownFileType = sourcecode.swift; path = AKGroundLayerAnchor.swift; sourceTree = "<group>"; };
		7D3EAC0B1F7EA6790076635C /* AKAnchor.swift */ = {isa = PBXFileReference; lastKnownFileType = sourcecode.swift; path = AKAnchor.swift; sourceTree = "<group>"; };
		7D3EAC0E1F7EA8440076635C /* AKWorld.swift */ = {isa = PBXFileReference; lastKnownFileType = sourcecode.swift; path = AKWorld.swift; sourceTree = "<group>"; };
		7D3EAC101F7ED05B0076635C /* AKObject.swift */ = {isa = PBXFileReference; lastKnownFileType = sourcecode.swift; path = AKObject.swift; sourceTree = "<group>"; };
		7D3EAC131F7EEDCA0076635C /* AKSceneKitUtils.swift */ = {isa = PBXFileReference; lastKnownFileType = sourcecode.swift; path = AKSceneKitUtils.swift; sourceTree = "<group>"; };
		7D53471E203A961A00714A6F /* PathShader.metal */ = {isa = PBXFileReference; lastKnownFileType = sourcecode.metal; path = PathShader.metal; sourceTree = "<group>"; };
		7D534721203B4CE300714A6F /* AKAnchorAssetModel.swift */ = {isa = PBXFileReference; lastKnownFileType = sourcecode.swift; path = AKAnchorAssetModel.swift; sourceTree = "<group>"; };
		7D5FDA311FC72AAE00BAE104 /* RenderModule.swift */ = {isa = PBXFileReference; lastKnownFileType = sourcecode.swift; path = RenderModule.swift; sourceTree = "<group>"; };
		7D5FDA331FC7333200BAE104 /* SharedBuffersRenderModule.swift */ = {isa = PBXFileReference; lastKnownFileType = sourcecode.swift; path = SharedBuffersRenderModule.swift; sourceTree = "<group>"; };
		7D5FDA351FC73AD000BAE104 /* CameraPlaneRenderModule.swift */ = {isa = PBXFileReference; lastKnownFileType = sourcecode.swift; path = CameraPlaneRenderModule.swift; sourceTree = "<group>"; };
		7D5FDA371FC7431500BAE104 /* AnchorsRenderModule.swift */ = {isa = PBXFileReference; lastKnownFileType = sourcecode.swift; path = AnchorsRenderModule.swift; sourceTree = "<group>"; };
		7D5FDA391FC9CFA400BAE104 /* TrackingPointsRenderModule.swift */ = {isa = PBXFileReference; lastKnownFileType = sourcecode.swift; path = TrackingPointsRenderModule.swift; sourceTree = "<group>"; };
		7D5FDA3B1FC9E70E00BAE104 /* SurfacesRenderModule.swift */ = {isa = PBXFileReference; fileEncoding = 4; lastKnownFileType = sourcecode.swift; path = SurfacesRenderModule.swift; sourceTree = "<group>"; };
		7D5FDA3D1FC9FB4400BAE104 /* Renderer.swift */ = {isa = PBXFileReference; lastKnownFileType = sourcecode.swift; path = Renderer.swift; sourceTree = "<group>"; };
		7D640AE91FF0174200B35A5A /* AKUserTracker.swift */ = {isa = PBXFileReference; lastKnownFileType = sourcecode.swift; path = AKUserTracker.swift; sourceTree = "<group>"; };
		7D6E6B471F8F19C300EFC667 /* AugmentKit.framework */ = {isa = PBXFileReference; explicitFileType = wrapper.framework; includeInIndex = 0; path = AugmentKit.framework; sourceTree = BUILT_PRODUCTS_DIR; };
		7D6E6B491F8F19C300EFC667 /* AugmentKit.h */ = {isa = PBXFileReference; lastKnownFileType = sourcecode.c.h; path = AugmentKit.h; sourceTree = "<group>"; };
		7D6E6B4A1F8F19C300EFC667 /* Info.plist */ = {isa = PBXFileReference; lastKnownFileType = text.plist.xml; path = Info.plist; sourceTree = "<group>"; };
		7D6E6B4F1F8F19C300EFC667 /* AugmentKitTests.xctest */ = {isa = PBXFileReference; explicitFileType = wrapper.cfbundle; includeInIndex = 0; path = AugmentKitTests.xctest; sourceTree = BUILT_PRODUCTS_DIR; };
		7D6E6B541F8F19C300EFC667 /* AugmentKitTests.swift */ = {isa = PBXFileReference; lastKnownFileType = sourcecode.swift; path = AugmentKitTests.swift; sourceTree = "<group>"; };
		7D6E6B561F8F19C400EFC667 /* Info.plist */ = {isa = PBXFileReference; lastKnownFileType = text.plist.xml; path = Info.plist; sourceTree = "<group>"; };
		7D6E6B731F8F283C00EFC667 /* module.modulemap */ = {isa = PBXFileReference; lastKnownFileType = "sourcecode.module-map"; path = module.modulemap; sourceTree = "<group>"; };
		7D8111EE1F12974D00DD11E9 /* MotionManager.swift */ = {isa = PBXFileReference; lastKnownFileType = sourcecode.swift; path = MotionManager.swift; sourceTree = "<group>"; };
		7D818908201EB5DB0021694F /* PathsRenderModule.swift */ = {isa = PBXFileReference; lastKnownFileType = sourcecode.swift; path = PathsRenderModule.swift; sourceTree = "<group>"; };
		7D88D7A71F0AFD550009A154 /* AugmentKit2Demo.app */ = {isa = PBXFileReference; explicitFileType = wrapper.application; includeInIndex = 0; path = AugmentKit2Demo.app; sourceTree = BUILT_PRODUCTS_DIR; };
		7D88D7AA1F0AFD550009A154 /* AppDelegate.swift */ = {isa = PBXFileReference; lastKnownFileType = sourcecode.swift; path = AppDelegate.swift; sourceTree = "<group>"; };
		7D88D7AC1F0AFD550009A154 /* AnchorShaders.metal */ = {isa = PBXFileReference; lastKnownFileType = sourcecode.metal; path = AnchorShaders.metal; sourceTree = "<group>"; };
		7D88D7AE1F0AFD550009A154 /* ShaderTypes.h */ = {isa = PBXFileReference; lastKnownFileType = sourcecode.c.h; path = ShaderTypes.h; sourceTree = "<group>"; };
		7D88D7B11F0AFD550009A154 /* ViewController.swift */ = {isa = PBXFileReference; lastKnownFileType = sourcecode.swift; path = ViewController.swift; sourceTree = "<group>"; };
		7D88D7B41F0AFD550009A154 /* Base */ = {isa = PBXFileReference; lastKnownFileType = file.storyboard; name = Base; path = Base.lproj/Main.storyboard; sourceTree = "<group>"; };
		7D88D7B61F0AFD560009A154 /* Assets.xcassets */ = {isa = PBXFileReference; lastKnownFileType = folder.assetcatalog; path = Assets.xcassets; sourceTree = "<group>"; };
		7D88D7B91F0AFD560009A154 /* Base */ = {isa = PBXFileReference; lastKnownFileType = file.storyboard; name = Base; path = Base.lproj/LaunchScreen.storyboard; sourceTree = "<group>"; };
		7D88D7BB1F0AFD560009A154 /* Info.plist */ = {isa = PBXFileReference; lastKnownFileType = text.plist.xml; path = Info.plist; sourceTree = "<group>"; };
		7D88D7C61F0C07960009A154 /* LocationManager.swift */ = {isa = PBXFileReference; lastKnownFileType = sourcecode.swift; path = LocationManager.swift; sourceTree = "<group>"; };
		7D88D7CB1F0C2B0A0009A154 /* LocalStoreManager.swift */ = {isa = PBXFileReference; lastKnownFileType = sourcecode.swift; name = LocalStoreManager.swift; path = AugmentKit/Managers/LocalStoreManager.swift; sourceTree = SOURCE_ROOT; };
		7D88D7CD1F0C51CD0009A154 /* ErrorManager.swift */ = {isa = PBXFileReference; lastKnownFileType = sourcecode.swift; name = ErrorManager.swift; path = AugmentKit/Managers/ErrorManager.swift; sourceTree = SOURCE_ROOT; };
		7D88D7CF1F0C53590009A154 /* WorldLocationManager.swift */ = {isa = PBXFileReference; lastKnownFileType = sourcecode.swift; name = WorldLocationManager.swift; path = AugmentKit/Managers/WorldLocationManager.swift; sourceTree = SOURCE_ROOT; };
		7D8A0A7F2013D058006CAAAD /* AKRelativePosiiton.swift */ = {isa = PBXFileReference; lastKnownFileType = sourcecode.swift; path = AKRelativePosiiton.swift; sourceTree = "<group>"; };
		7D8A0A812013D143006CAAAD /* AKHeading.swift */ = {isa = PBXFileReference; lastKnownFileType = sourcecode.swift; path = AKHeading.swift; sourceTree = "<group>"; };
		7D8A0A8320150EAD006CAAAD /* compass_512.png */ = {isa = PBXFileReference; lastKnownFileType = image.png; path = compass_512.png; sourceTree = "<group>"; };
		7DB2C4E31FDC588F00B355A2 /* AugmentKitCLTools.app */ = {isa = PBXFileReference; explicitFileType = wrapper.application; includeInIndex = 0; path = AugmentKitCLTools.app; sourceTree = BUILT_PRODUCTS_DIR; };
		7DB2C4E51FDC588F00B355A2 /* AppDelegate.swift */ = {isa = PBXFileReference; lastKnownFileType = sourcecode.swift; path = AppDelegate.swift; sourceTree = "<group>"; };
		7DB2C4E71FDC588F00B355A2 /* ViewController.swift */ = {isa = PBXFileReference; lastKnownFileType = sourcecode.swift; path = ViewController.swift; sourceTree = "<group>"; };
		7DB2C4EA1FDC588F00B355A2 /* Base */ = {isa = PBXFileReference; lastKnownFileType = file.storyboard; name = Base; path = Base.lproj/Main.storyboard; sourceTree = "<group>"; };
		7DB2C4EC1FDC588F00B355A2 /* Assets.xcassets */ = {isa = PBXFileReference; lastKnownFileType = folder.assetcatalog; path = Assets.xcassets; sourceTree = "<group>"; };
		7DB2C4EF1FDC588F00B355A2 /* Base */ = {isa = PBXFileReference; lastKnownFileType = file.storyboard; name = Base; path = Base.lproj/LaunchScreen.storyboard; sourceTree = "<group>"; };
		7DB2C4F11FDC588F00B355A2 /* Info.plist */ = {isa = PBXFileReference; lastKnownFileType = text.plist.xml; path = Info.plist; sourceTree = "<group>"; };
		7DB396A91F1A96350003019B /* DeviceManager.swift */ = {isa = PBXFileReference; lastKnownFileType = sourcecode.swift; path = DeviceManager.swift; sourceTree = "<group>"; };
		7DB396AB1F1AFBFB0003019B /* MetalUtilities.swift */ = {isa = PBXFileReference; lastKnownFileType = sourcecode.swift; path = MetalUtilities.swift; sourceTree = "<group>"; };
		7DB396AD1F1AFD860003019B /* MeshData.swift */ = {isa = PBXFileReference; lastKnownFileType = sourcecode.swift; path = MeshData.swift; sourceTree = "<group>"; };
		7DB396AF1F1AFDD30003019B /* MeshTools.swift */ = {isa = PBXFileReference; lastKnownFileType = sourcecode.swift; path = MeshTools.swift; sourceTree = "<group>"; };
		7DB72CD4202424D70050C61D /* AKPathSegmentAnchor.swift */ = {isa = PBXFileReference; lastKnownFileType = sourcecode.swift; path = AKPathSegmentAnchor.swift; sourceTree = "<group>"; };
		7DBA369B1F7AE0AD0006310A /* plane_grid.png */ = {isa = PBXFileReference; lastKnownFileType = image.png; path = plane_grid.png; sourceTree = "<group>"; };
		7DBA369F1F7C1A310006310A /* texture.png */ = {isa = PBXFileReference; lastKnownFileType = image.png; path = texture.png; sourceTree = "<group>"; };
		7DBA36A01F7C1A310006310A /* ship.scn */ = {isa = PBXFileReference; lastKnownFileType = file.bplist; path = ship.scn; sourceTree = "<group>"; };
		7DC785CB1FE6537D00F82FA4 /* AKArchivedModel.swift */ = {isa = PBXFileReference; lastKnownFileType = sourcecode.swift; path = AKArchivedModel.swift; sourceTree = "<group>"; };
		7DC785D01FE655C100F82FA4 /* AKRemoteArchivedModel.swift */ = {isa = PBXFileReference; lastKnownFileType = sourcecode.swift; path = AKRemoteArchivedModel.swift; sourceTree = "<group>"; };
		7DC785D61FED819C00F82FA4 /* TrackersRenderModule.swift */ = {isa = PBXFileReference; lastKnownFileType = sourcecode.swift; path = TrackersRenderModule.swift; sourceTree = "<group>"; };
		7DE0C2981FD3DF6D0043FA5F /* akcltool */ = {isa = PBXFileReference; explicitFileType = "compiled.mach-o.executable"; includeInIndex = 0; path = akcltool; sourceTree = BUILT_PRODUCTS_DIR; };
		7DE0C29A1FD3DF6E0043FA5F /* main.swift */ = {isa = PBXFileReference; lastKnownFileType = sourcecode.swift; path = main.swift; sourceTree = "<group>"; };
		7DE0C29F1FD3DFC50043FA5F /* AugmentKitCLTools.swift */ = {isa = PBXFileReference; fileEncoding = 4; lastKnownFileType = sourcecode.swift; path = AugmentKitCLTools.swift; sourceTree = "<group>"; };
		7DE0C2A01FD3DFC50043FA5F /* ConsoleIO.swift */ = {isa = PBXFileReference; fileEncoding = 4; lastKnownFileType = sourcecode.swift; path = ConsoleIO.swift; sourceTree = "<group>"; };
		7DE0C2A81FD46E5E0043FA5F /* AKModel.swift */ = {isa = PBXFileReference; lastKnownFileType = sourcecode.swift; path = AKModel.swift; sourceTree = "<group>"; };
		7DF098941FDDA3B9004A92AA /* ZipUtilities.swift */ = {isa = PBXFileReference; fileEncoding = 4; lastKnownFileType = sourcecode.swift; path = ZipUtilities.swift; sourceTree = "<group>"; };
		7DF098961FDDA3B9004A92AA /* unzip.c */ = {isa = PBXFileReference; fileEncoding = 4; lastKnownFileType = sourcecode.c.c; path = unzip.c; sourceTree = "<group>"; };
		7DF098971FDDA3B9004A92AA /* zip.c */ = {isa = PBXFileReference; fileEncoding = 4; lastKnownFileType = sourcecode.c.c; path = zip.c; sourceTree = "<group>"; };
		7DF098981FDDA3B9004A92AA /* ioapi.c */ = {isa = PBXFileReference; fileEncoding = 4; lastKnownFileType = sourcecode.c.c; path = ioapi.c; sourceTree = "<group>"; };
		7DF098991FDDA3B9004A92AA /* crypt.h */ = {isa = PBXFileReference; fileEncoding = 4; lastKnownFileType = sourcecode.c.h; path = crypt.h; sourceTree = "<group>"; };
		7DF0989A1FDDA3B9004A92AA /* zip.h */ = {isa = PBXFileReference; fileEncoding = 4; lastKnownFileType = sourcecode.c.h; path = zip.h; sourceTree = "<group>"; };
		7DF0989B1FDDA3B9004A92AA /* unzip.h */ = {isa = PBXFileReference; fileEncoding = 4; lastKnownFileType = sourcecode.c.h; path = unzip.h; sourceTree = "<group>"; };
		7DF0989C1FDDA3B9004A92AA /* module.modulemap */ = {isa = PBXFileReference; fileEncoding = 4; lastKnownFileType = "sourcecode.module-map"; path = module.modulemap; sourceTree = "<group>"; };
		7DF0989D1FDDA3B9004A92AA /* ioapi.h */ = {isa = PBXFileReference; fileEncoding = 4; lastKnownFileType = sourcecode.c.h; path = ioapi.h; sourceTree = "<group>"; };
		7DF0989E1FDDA3B9004A92AA /* QuickZip.swift */ = {isa = PBXFileReference; fileEncoding = 4; lastKnownFileType = sourcecode.swift; path = QuickZip.swift; sourceTree = "<group>"; };
		7DF098A01FDDA3B9004A92AA /* Zip.h */ = {isa = PBXFileReference; fileEncoding = 4; lastKnownFileType = sourcecode.c.h; path = Zip.h; sourceTree = "<group>"; };
		7DF098A11FDDA3B9004A92AA /* Zip.swift */ = {isa = PBXFileReference; fileEncoding = 4; lastKnownFileType = sourcecode.swift; path = Zip.swift; sourceTree = "<group>"; };
		7DF697EA1FCD26F500292F66 /* AKModelProvider.swift */ = {isa = PBXFileReference; lastKnownFileType = sourcecode.swift; path = AKModelProvider.swift; sourceTree = "<group>"; };
		7DFCF6021FC08CD300E8A560 /* ImageCaptureShaders.metal */ = {isa = PBXFileReference; lastKnownFileType = sourcecode.metal; path = ImageCaptureShaders.metal; sourceTree = "<group>"; };
		7DFCF6041FC096A900E8A560 /* PointShader.metal */ = {isa = PBXFileReference; lastKnownFileType = sourcecode.metal; path = PointShader.metal; sourceTree = "<group>"; };
/* End PBXFileReference section */

/* Begin PBXFrameworksBuildPhase section */
		7D6E6B431F8F19C300EFC667 /* Frameworks */ = {
			isa = PBXFrameworksBuildPhase;
			buildActionMask = 2147483647;
			files = (
			);
			runOnlyForDeploymentPostprocessing = 0;
		};
		7D6E6B4C1F8F19C300EFC667 /* Frameworks */ = {
			isa = PBXFrameworksBuildPhase;
			buildActionMask = 2147483647;
			files = (
				7D6E6B501F8F19C300EFC667 /* AugmentKit.framework in Frameworks */,
			);
			runOnlyForDeploymentPostprocessing = 0;
		};
		7D88D7A41F0AFD550009A154 /* Frameworks */ = {
			isa = PBXFrameworksBuildPhase;
			buildActionMask = 2147483647;
			files = (
				7DA9936B1F907A9A00595435 /* AugmentKit.framework in Frameworks */,
			);
			runOnlyForDeploymentPostprocessing = 0;
		};
		7DB2C4E01FDC588F00B355A2 /* Frameworks */ = {
			isa = PBXFrameworksBuildPhase;
			buildActionMask = 2147483647;
			files = (
			);
			runOnlyForDeploymentPostprocessing = 0;
		};
		7DE0C2951FD3DF6D0043FA5F /* Frameworks */ = {
			isa = PBXFrameworksBuildPhase;
			buildActionMask = 2147483647;
			files = (
			);
			runOnlyForDeploymentPostprocessing = 0;
		};
/* End PBXFrameworksBuildPhase section */

/* Begin PBXGroup section */
		7D3EAC081F7EA5E30076635C /* AKCore */ = {
			isa = PBXGroup;
			children = (
				7D640AE81FF0163B00B35A5A /* Anchors */,
				7D3EAC0E1F7EA8440076635C /* AKWorld.swift */,
				7D3E48891F88C1C800814875 /* AKUtility.swift */,
				7DF697EA1FCD26F500292F66 /* AKModelProvider.swift */,
				7DE0C2A81FD46E5E0043FA5F /* AKModel.swift */,
			);
			path = AKCore;
			sourceTree = "<group>";
		};
		7D3EAC0D1F7EA7E40076635C /* Renderer */ = {
			isa = PBXGroup;
			children = (
				7D5FDA301FC72A6F00BAE104 /* Render Modules */,
				7D5FDA2D1FC404A400BAE104 /* Shaders */,
				7D6E6B731F8F283C00EFC667 /* module.modulemap */,
				7D88D7AE1F0AFD550009A154 /* ShaderTypes.h */,
				7D5FDA3D1FC9FB4400BAE104 /* Renderer.swift */,
			);
			path = Renderer;
			sourceTree = "<group>";
		};
		7D3EAC121F7EEDAD0076635C /* SceneKit */ = {
			isa = PBXGroup;
			children = (
				7D3EAC131F7EEDCA0076635C /* AKSceneKitUtils.swift */,
			);
			path = SceneKit;
			sourceTree = "<group>";
		};
		7D534720203B4C7F00714A6F /* AKModel Implementations */ = {
			isa = PBXGroup;
			children = (
				7D1B6F081F23B2B200AB035D /* AKMDLAssetModel.swift */,
				7DC785CB1FE6537D00F82FA4 /* AKArchivedModel.swift */,
				7DC785D01FE655C100F82FA4 /* AKRemoteArchivedModel.swift */,
				7D534721203B4CE300714A6F /* AKAnchorAssetModel.swift */,
			);
			path = "AKModel Implementations";
			sourceTree = "<group>";
		};
		7D5FDA2D1FC404A400BAE104 /* Shaders */ = {
			isa = PBXGroup;
			children = (
				7D88D7AC1F0AFD550009A154 /* AnchorShaders.metal */,
				7DFCF6021FC08CD300E8A560 /* ImageCaptureShaders.metal */,
				7DFCF6041FC096A900E8A560 /* PointShader.metal */,
				7D53471E203A961A00714A6F /* PathShader.metal */,
			);
			path = Shaders;
			sourceTree = "<group>";
		};
		7D5FDA301FC72A6F00BAE104 /* Render Modules */ = {
			isa = PBXGroup;
			children = (
				7D5FDA311FC72AAE00BAE104 /* RenderModule.swift */,
				7D5FDA331FC7333200BAE104 /* SharedBuffersRenderModule.swift */,
				7D5FDA351FC73AD000BAE104 /* CameraPlaneRenderModule.swift */,
				7D5FDA371FC7431500BAE104 /* AnchorsRenderModule.swift */,
				7DC785D61FED819C00F82FA4 /* TrackersRenderModule.swift */,
				7D5FDA3B1FC9E70E00BAE104 /* SurfacesRenderModule.swift */,
				7D5FDA391FC9CFA400BAE104 /* TrackingPointsRenderModule.swift */,
				7D818908201EB5DB0021694F /* PathsRenderModule.swift */,
			);
			path = "Render Modules";
			sourceTree = "<group>";
		};
		7D640AE81FF0163B00B35A5A /* Anchors */ = {
			isa = PBXGroup;
			children = (
				7D3EAC101F7ED05B0076635C /* AKObject.swift */,
				7D3EAC091F7EA6120076635C /* AKGroundLayerAnchor.swift */,
				7D3EAC0B1F7EA6790076635C /* AKAnchor.swift */,
				7D640AE91FF0174200B35A5A /* AKUserTracker.swift */,
				7D8A0A7F2013D058006CAAAD /* AKRelativePosiiton.swift */,
				7D8A0A812013D143006CAAAD /* AKHeading.swift */,
				7DB72CD4202424D70050C61D /* AKPathSegmentAnchor.swift */,
			);
			path = Anchors;
			sourceTree = "<group>";
		};
		7D6E6B481F8F19C300EFC667 /* AugmentKit */ = {
			isa = PBXGroup;
			children = (
				7D6E6B491F8F19C300EFC667 /* AugmentKit.h */,
				7D3EAC121F7EEDAD0076635C /* SceneKit */,
				7D3EAC0D1F7EA7E40076635C /* Renderer */,
				7D3EAC081F7EA5E30076635C /* AKCore */,
				7DB396B11F1AFDDB0003019B /* ModelIO */,
				7D88D7C81F0C079B0009A154 /* Managers */,
				7D6E6B4A1F8F19C300EFC667 /* Info.plist */,
			);
			path = AugmentKit;
			sourceTree = "<group>";
		};
		7D6E6B531F8F19C300EFC667 /* AugmentKitTests */ = {
			isa = PBXGroup;
			children = (
				7D6E6B541F8F19C300EFC667 /* AugmentKitTests.swift */,
				7D6E6B561F8F19C400EFC667 /* Info.plist */,
			);
			path = AugmentKitTests;
			sourceTree = "<group>";
		};
		7D88D79E1F0AFD550009A154 = {
			isa = PBXGroup;
			children = (
				7DF098921FDDA349004A92AA /* Libraries */,
				7D88D7A91F0AFD550009A154 /* AugmentKit2 */,
				7D6E6B481F8F19C300EFC667 /* AugmentKit */,
				7D6E6B531F8F19C300EFC667 /* AugmentKitTests */,
				7DE0C2991FD3DF6E0043FA5F /* akcltool */,
				7DB2C4E41FDC588F00B355A2 /* AugmentKitCLTools */,
				7D88D7A81F0AFD550009A154 /* Products */,
				7DA993691F9078AA00595435 /* Frameworks */,
			);
			sourceTree = "<group>";
		};
		7D88D7A81F0AFD550009A154 /* Products */ = {
			isa = PBXGroup;
			children = (
				7D88D7A71F0AFD550009A154 /* AugmentKit2Demo.app */,
				7D6E6B471F8F19C300EFC667 /* AugmentKit.framework */,
				7D6E6B4F1F8F19C300EFC667 /* AugmentKitTests.xctest */,
				7DE0C2981FD3DF6D0043FA5F /* akcltool */,
				7DB2C4E31FDC588F00B355A2 /* AugmentKitCLTools.app */,
			);
			name = Products;
			sourceTree = "<group>";
		};
		7D88D7A91F0AFD550009A154 /* AugmentKit2 */ = {
			isa = PBXGroup;
			children = (
				7DBA369E1F7C1A180006310A /* Models */,
				7D88D7AA1F0AFD550009A154 /* AppDelegate.swift */,
				7D88D7B11F0AFD550009A154 /* ViewController.swift */,
				7D88D7B31F0AFD550009A154 /* Main.storyboard */,
				7D88D7B61F0AFD560009A154 /* Assets.xcassets */,
				7D88D7B81F0AFD560009A154 /* LaunchScreen.storyboard */,
				7D88D7BB1F0AFD560009A154 /* Info.plist */,
			);
			path = AugmentKit2;
			sourceTree = "<group>";
		};
		7D88D7C81F0C079B0009A154 /* Managers */ = {
			isa = PBXGroup;
			children = (
				7D88D7C61F0C07960009A154 /* LocationManager.swift */,
				7D8111EE1F12974D00DD11E9 /* MotionManager.swift */,
				7D88D7CB1F0C2B0A0009A154 /* LocalStoreManager.swift */,
				7D88D7CD1F0C51CD0009A154 /* ErrorManager.swift */,
				7D88D7CF1F0C53590009A154 /* WorldLocationManager.swift */,
				7DB396A91F1A96350003019B /* DeviceManager.swift */,
			);
			path = Managers;
			sourceTree = "<group>";
		};
		7DA993691F9078AA00595435 /* Frameworks */ = {
			isa = PBXGroup;
			children = (
			);
			name = Frameworks;
			sourceTree = "<group>";
		};
		7DB2C4E41FDC588F00B355A2 /* AugmentKitCLTools */ = {
			isa = PBXGroup;
			children = (
				7DB2C4E51FDC588F00B355A2 /* AppDelegate.swift */,
				7DB2C4E71FDC588F00B355A2 /* ViewController.swift */,
				7DB2C4E91FDC588F00B355A2 /* Main.storyboard */,
				7DB2C4EC1FDC588F00B355A2 /* Assets.xcassets */,
				7DB2C4EE1FDC588F00B355A2 /* LaunchScreen.storyboard */,
				7DB2C4F11FDC588F00B355A2 /* Info.plist */,
			);
			path = AugmentKitCLTools;
			sourceTree = "<group>";
		};
		7DB396B11F1AFDDB0003019B /* ModelIO */ = {
			isa = PBXGroup;
			children = (
				7D534720203B4C7F00714A6F /* AKModel Implementations */,
				7D282F131FD11DE600D00B86 /* Serialize.swift */,
				7DB396AF1F1AFDD30003019B /* MeshTools.swift */,
				7DB396AD1F1AFD860003019B /* MeshData.swift */,
				7DB396AB1F1AFBFB0003019B /* MetalUtilities.swift */,
				7D32637A1FF7FBFA0040375C /* ModelCompressor.swift */,
			);
			path = ModelIO;
			sourceTree = "<group>";
		};
		7DBA369E1F7C1A180006310A /* Models */ = {
			isa = PBXGroup;
			children = (
				7D8A0A8320150EAD006CAAAD /* compass_512.png */,
				7DBA36A01F7C1A310006310A /* ship.scn */,
				7DBA369F1F7C1A310006310A /* texture.png */,
				7DBA369B1F7AE0AD0006310A /* plane_grid.png */,
				7D1B6F0C1F2983DA00AB035D /* Pin.scn */,
			);
			path = Models;
			sourceTree = "<group>";
		};
		7DE0C2991FD3DF6E0043FA5F /* akcltool */ = {
			isa = PBXGroup;
			children = (
				7DE0C29F1FD3DFC50043FA5F /* AugmentKitCLTools.swift */,
				7DE0C2A01FD3DFC50043FA5F /* ConsoleIO.swift */,
				7DE0C29A1FD3DF6E0043FA5F /* main.swift */,
			);
			path = akcltool;
			sourceTree = "<group>";
		};
		7DF098921FDDA349004A92AA /* Libraries */ = {
			isa = PBXGroup;
			children = (
				7DF098931FDDA3B9004A92AA /* Zip */,
			);
			path = Libraries;
			sourceTree = "<group>";
		};
		7DF098931FDDA3B9004A92AA /* Zip */ = {
			isa = PBXGroup;
			children = (
				7DF098941FDDA3B9004A92AA /* ZipUtilities.swift */,
				7DF098951FDDA3B9004A92AA /* minizip */,
				7DF0989E1FDDA3B9004A92AA /* QuickZip.swift */,
				7DF098A01FDDA3B9004A92AA /* Zip.h */,
				7DF098A11FDDA3B9004A92AA /* Zip.swift */,
			);
			path = Zip;
			sourceTree = "<group>";
		};
		7DF098951FDDA3B9004A92AA /* minizip */ = {
			isa = PBXGroup;
			children = (
				7DF098961FDDA3B9004A92AA /* unzip.c */,
				7DF098971FDDA3B9004A92AA /* zip.c */,
				7DF098981FDDA3B9004A92AA /* ioapi.c */,
				7DF098991FDDA3B9004A92AA /* crypt.h */,
				7DF0989A1FDDA3B9004A92AA /* zip.h */,
				7DF0989B1FDDA3B9004A92AA /* unzip.h */,
				7DF0989C1FDDA3B9004A92AA /* module.modulemap */,
				7DF0989D1FDDA3B9004A92AA /* ioapi.h */,
			);
			path = minizip;
			sourceTree = "<group>";
		};
/* End PBXGroup section */

/* Begin PBXHeadersBuildPhase section */
		7D6E6B441F8F19C300EFC667 /* Headers */ = {
			isa = PBXHeadersBuildPhase;
			buildActionMask = 2147483647;
			files = (
				7D6E6B571F8F19C400EFC667 /* AugmentKit.h in Headers */,
				7D6E6B721F8F267100EFC667 /* ShaderTypes.h in Headers */,
			);
			runOnlyForDeploymentPostprocessing = 0;
		};
/* End PBXHeadersBuildPhase section */

/* Begin PBXNativeTarget section */
		7D6E6B461F8F19C300EFC667 /* AugmentKit */ = {
			isa = PBXNativeTarget;
			buildConfigurationList = 7D6E6B5C1F8F19C400EFC667 /* Build configuration list for PBXNativeTarget "AugmentKit" */;
			buildPhases = (
				7D6E6B421F8F19C300EFC667 /* Sources */,
				7D6E6B431F8F19C300EFC667 /* Frameworks */,
				7D6E6B441F8F19C300EFC667 /* Headers */,
				7D6E6B451F8F19C300EFC667 /* Resources */,
			);
			buildRules = (
			);
			dependencies = (
			);
			name = AugmentKit;
			productName = AugmentKit;
			productReference = 7D6E6B471F8F19C300EFC667 /* AugmentKit.framework */;
			productType = "com.apple.product-type.framework";
		};
		7D6E6B4E1F8F19C300EFC667 /* AugmentKitTests */ = {
			isa = PBXNativeTarget;
			buildConfigurationList = 7D6E6B5D1F8F19C400EFC667 /* Build configuration list for PBXNativeTarget "AugmentKitTests" */;
			buildPhases = (
				7D6E6B4B1F8F19C300EFC667 /* Sources */,
				7D6E6B4C1F8F19C300EFC667 /* Frameworks */,
				7D6E6B4D1F8F19C300EFC667 /* Resources */,
			);
			buildRules = (
			);
			dependencies = (
				7D6E6B521F8F19C300EFC667 /* PBXTargetDependency */,
			);
			name = AugmentKitTests;
			productName = AugmentKitTests;
			productReference = 7D6E6B4F1F8F19C300EFC667 /* AugmentKitTests.xctest */;
			productType = "com.apple.product-type.bundle.unit-test";
		};
		7D88D7A61F0AFD550009A154 /* AugmentKit2Demo */ = {
			isa = PBXNativeTarget;
			buildConfigurationList = 7D88D7BF1F0AFD560009A154 /* Build configuration list for PBXNativeTarget "AugmentKit2Demo" */;
			buildPhases = (
				7D88D7A31F0AFD550009A154 /* Sources */,
				7D88D7A41F0AFD550009A154 /* Frameworks */,
				7D88D7A51F0AFD550009A154 /* Resources */,
				7DA9936F1F907A9B00595435 /* Embed Frameworks */,
			);
			buildRules = (
			);
			dependencies = (
				7DA9936E1F907A9A00595435 /* PBXTargetDependency */,
			);
			name = AugmentKit2Demo;
			productName = AugmentKit2;
			productReference = 7D88D7A71F0AFD550009A154 /* AugmentKit2Demo.app */;
			productType = "com.apple.product-type.application";
		};
		7DB2C4E21FDC588F00B355A2 /* AugmentKitCLTools */ = {
			isa = PBXNativeTarget;
			buildConfigurationList = 7DB2C50E1FDC589000B355A2 /* Build configuration list for PBXNativeTarget "AugmentKitCLTools" */;
			buildPhases = (
				7DB2C4DF1FDC588F00B355A2 /* Sources */,
				7DB2C4E01FDC588F00B355A2 /* Frameworks */,
				7DB2C4E11FDC588F00B355A2 /* Resources */,
			);
			buildRules = (
			);
			dependencies = (
			);
			name = AugmentKitCLTools;
			productName = AugmentKitCLTools;
			productReference = 7DB2C4E31FDC588F00B355A2 /* AugmentKitCLTools.app */;
			productType = "com.apple.product-type.application";
		};
		7DE0C2971FD3DF6D0043FA5F /* akcltool */ = {
			isa = PBXNativeTarget;
			buildConfigurationList = 7DE0C29E1FD3DF6E0043FA5F /* Build configuration list for PBXNativeTarget "akcltool" */;
			buildPhases = (
				7DE0C2941FD3DF6D0043FA5F /* Sources */,
				7DE0C2951FD3DF6D0043FA5F /* Frameworks */,
				7DE0C2961FD3DF6D0043FA5F /* CopyFiles */,
			);
			buildRules = (
			);
			dependencies = (
			);
			name = akcltool;
			productName = akcltool;
			productReference = 7DE0C2981FD3DF6D0043FA5F /* akcltool */;
			productType = "com.apple.product-type.tool";
		};
/* End PBXNativeTarget section */

/* Begin PBXProject section */
		7D88D79F1F0AFD550009A154 /* Project object */ = {
			isa = PBXProject;
			attributes = {
				LastSwiftUpdateCheck = 0920;
				LastUpgradeCheck = 0900;
				ORGANIZATIONNAME = TenthLetterMade;
				TargetAttributes = {
					7D6E6B461F8F19C300EFC667 = {
						CreatedOnToolsVersion = 9.0;
						ProvisioningStyle = Automatic;
					};
					7D6E6B4E1F8F19C300EFC667 = {
						CreatedOnToolsVersion = 9.0;
						ProvisioningStyle = Automatic;
					};
					7D88D7A61F0AFD550009A154 = {
						CreatedOnToolsVersion = 9.0;
					};
					7DB2C4E21FDC588F00B355A2 = {
						CreatedOnToolsVersion = 9.2;
						ProvisioningStyle = Automatic;
					};
					7DE0C2971FD3DF6D0043FA5F = {
						CreatedOnToolsVersion = 9.1;
						ProvisioningStyle = Automatic;
					};
				};
			};
			buildConfigurationList = 7D88D7A21F0AFD550009A154 /* Build configuration list for PBXProject "AugmentKit2" */;
			compatibilityVersion = "Xcode 8.0";
			developmentRegion = en;
			hasScannedForEncodings = 0;
			knownRegions = (
				en,
				Base,
			);
			mainGroup = 7D88D79E1F0AFD550009A154;
			productRefGroup = 7D88D7A81F0AFD550009A154 /* Products */;
			projectDirPath = "";
			projectRoot = "";
			targets = (
				7D88D7A61F0AFD550009A154 /* AugmentKit2Demo */,
				7D6E6B461F8F19C300EFC667 /* AugmentKit */,
				7D6E6B4E1F8F19C300EFC667 /* AugmentKitTests */,
				7DE0C2971FD3DF6D0043FA5F /* akcltool */,
				7DB2C4E21FDC588F00B355A2 /* AugmentKitCLTools */,
			);
		};
/* End PBXProject section */

/* Begin PBXResourcesBuildPhase section */
		7D6E6B451F8F19C300EFC667 /* Resources */ = {
			isa = PBXResourcesBuildPhase;
			buildActionMask = 2147483647;
			files = (
			);
			runOnlyForDeploymentPostprocessing = 0;
		};
		7D6E6B4D1F8F19C300EFC667 /* Resources */ = {
			isa = PBXResourcesBuildPhase;
			buildActionMask = 2147483647;
			files = (
			);
			runOnlyForDeploymentPostprocessing = 0;
		};
		7D88D7A51F0AFD550009A154 /* Resources */ = {
			isa = PBXResourcesBuildPhase;
			buildActionMask = 2147483647;
			files = (
				7D1B6F0D1F29851E00AB035D /* Pin.scn in Resources */,
				7DBA36A21F7C1AA50006310A /* texture.png in Resources */,
				7D88D7BA1F0AFD560009A154 /* LaunchScreen.storyboard in Resources */,
				7DBA36A11F7C1AA10006310A /* ship.scn in Resources */,
				7DBA369C1F7AE0AE0006310A /* plane_grid.png in Resources */,
				7D88D7B71F0AFD560009A154 /* Assets.xcassets in Resources */,
				7D88D7B51F0AFD550009A154 /* Main.storyboard in Resources */,
				7D8A0A85201514F0006CAAAD /* compass_512.png in Resources */,
			);
			runOnlyForDeploymentPostprocessing = 0;
		};
		7DB2C4E11FDC588F00B355A2 /* Resources */ = {
			isa = PBXResourcesBuildPhase;
			buildActionMask = 2147483647;
			files = (
				7D5EEC1E1FDC5EDD00E3FE91 /* Pin.scn in Resources */,
				7DB2C4F01FDC588F00B355A2 /* LaunchScreen.storyboard in Resources */,
				7DB2C4ED1FDC588F00B355A2 /* Assets.xcassets in Resources */,
				7DB2C4EB1FDC588F00B355A2 /* Main.storyboard in Resources */,
			);
			runOnlyForDeploymentPostprocessing = 0;
		};
/* End PBXResourcesBuildPhase section */

/* Begin PBXSourcesBuildPhase section */
		7D6E6B421F8F19C300EFC667 /* Sources */ = {
			isa = PBXSourcesBuildPhase;
			buildActionMask = 2147483647;
			files = (
				7D8A0A822013D143006CAAAD /* AKHeading.swift in Sources */,
				7D6E6B671F8F1CC300EFC667 /* AKMDLAssetModel.swift in Sources */,
				7DC785D21FE662F600F82FA4 /* unzip.c in Sources */,
				7D6E6B6E1F8F1CDB00EFC667 /* LocalStoreManager.swift in Sources */,
				7D6E6B6F1F8F1CDB00EFC667 /* ErrorManager.swift in Sources */,
				7D8A0A802013D058006CAAAD /* AKRelativePosiiton.swift in Sources */,
				7D6E6B6D1F8F1CDB00EFC667 /* MotionManager.swift in Sources */,
				7D6E6B5F1F8F1C9D00EFC667 /* AnchorShaders.metal in Sources */,
				7DC785CC1FE6537D00F82FA4 /* AKArchivedModel.swift in Sources */,
				7D6E6B631F8F1CBC00EFC667 /* AKAnchor.swift in Sources */,
				7D6E6B661F8F1CBC00EFC667 /* AKUtility.swift in Sources */,
				7D6E6B711F8F1CDB00EFC667 /* DeviceManager.swift in Sources */,
				7D5FDA381FC7431500BAE104 /* AnchorsRenderModule.swift in Sources */,
				7DE0C2A91FD46E5E0043FA5F /* AKModel.swift in Sources */,
				7D32637B1FF7FBFA0040375C /* ModelCompressor.swift in Sources */,
				7D5FDA341FC7333200BAE104 /* SharedBuffersRenderModule.swift in Sources */,
				7D5FDA361FC73AD000BAE104 /* CameraPlaneRenderModule.swift in Sources */,
				7D6E6B701F8F1CDB00EFC667 /* WorldLocationManager.swift in Sources */,
				7D6E6B641F8F1CBC00EFC667 /* AKWorld.swift in Sources */,
				7D6E6B651F8F1CBC00EFC667 /* AKObject.swift in Sources */,
				7D6E6B6A1F8F1CC300EFC667 /* MetalUtilities.swift in Sources */,
				7D6E6B621F8F1CBC00EFC667 /* AKGroundLayerAnchor.swift in Sources */,
				7DC785D11FE655C100F82FA4 /* AKRemoteArchivedModel.swift in Sources */,
				7DC785D31FE662FB00F82FA4 /* zip.c in Sources */,
				7D5FDA3C1FC9E70E00BAE104 /* SurfacesRenderModule.swift in Sources */,
				7D6E6B5E1F8F1C9600EFC667 /* AKSceneKitUtils.swift in Sources */,
				7D6E6B681F8F1CC300EFC667 /* MeshTools.swift in Sources */,
				7D5FDA321FC72AAE00BAE104 /* RenderModule.swift in Sources */,
				7D534722203B4CE300714A6F /* AKAnchorAssetModel.swift in Sources */,
				7D5FDA3A1FC9CFA400BAE104 /* TrackingPointsRenderModule.swift in Sources */,
				7D6E6B691F8F1CC300EFC667 /* MeshData.swift in Sources */,
				7D640AEA1FF0174200B35A5A /* AKUserTracker.swift in Sources */,
				7DC785D71FED819C00F82FA4 /* TrackersRenderModule.swift in Sources */,
				7D818909201EB5DB0021694F /* PathsRenderModule.swift in Sources */,
				7D282F141FD11DE700D00B86 /* Serialize.swift in Sources */,
				7D5FDA3E1FC9FB4400BAE104 /* Renderer.swift in Sources */,
				7DC785D41FE6630000F82FA4 /* ioapi.c in Sources */,
				7D6E6B6C1F8F1CDB00EFC667 /* LocationManager.swift in Sources */,
				7D53471F203A961A00714A6F /* PathShader.metal in Sources */,
				7DF697EB1FCD26F500292F66 /* AKModelProvider.swift in Sources */,
				7DFCF6031FC08CD300E8A560 /* ImageCaptureShaders.metal in Sources */,
				7DB72CD5202424D70050C61D /* AKPathSegmentAnchor.swift in Sources */,
				7DFCF6051FC096A900E8A560 /* PointShader.metal in Sources */,
			);
			runOnlyForDeploymentPostprocessing = 0;
		};
		7D6E6B4B1F8F19C300EFC667 /* Sources */ = {
			isa = PBXSourcesBuildPhase;
			buildActionMask = 2147483647;
			files = (
				7D6E6B551F8F19C300EFC667 /* AugmentKitTests.swift in Sources */,
			);
			runOnlyForDeploymentPostprocessing = 0;
		};
		7D88D7A31F0AFD550009A154 /* Sources */ = {
			isa = PBXSourcesBuildPhase;
			buildActionMask = 2147483647;
			files = (
				7D3263771FF7FB490040375C /* ZipUtilities.swift in Sources */,
				7D3263781FF7FB4D0040375C /* QuickZip.swift in Sources */,
				7D88D7B21F0AFD550009A154 /* ViewController.swift in Sources */,
				7D3263791FF7FB530040375C /* Zip.swift in Sources */,
				7D88D7AB1F0AFD550009A154 /* AppDelegate.swift in Sources */,
			);
			runOnlyForDeploymentPostprocessing = 0;
		};
		7DB2C4DF1FDC588F00B355A2 /* Sources */ = {
			isa = PBXSourcesBuildPhase;
			buildActionMask = 2147483647;
			files = (
				7D5EEC231FDC629B00E3FE91 /* MeshData.swift in Sources */,
				7D5EEC1F1FDC628D00E3FE91 /* AKModel.swift in Sources */,
				7D5EEC221FDC629800E3FE91 /* MeshTools.swift in Sources */,
				7DB2C4E81FDC588F00B355A2 /* ViewController.swift in Sources */,
				7D5EEC201FDC629400E3FE91 /* Serialize.swift in Sources */,
				7D5EEC211FDC629600E3FE91 /* AKMDLAssetModel.swift in Sources */,
				7D5EEC241FDC629E00E3FE91 /* MetalUtilities.swift in Sources */,
				7DB2C4E61FDC588F00B355A2 /* AppDelegate.swift in Sources */,
			);
			runOnlyForDeploymentPostprocessing = 0;
		};
		7DE0C2941FD3DF6D0043FA5F /* Sources */ = {
			isa = PBXSourcesBuildPhase;
			buildActionMask = 2147483647;
			files = (
				7DE0C2AA1FD476FA0043FA5F /* AKModel.swift in Sources */,
				7DE0C2A51FD3E0AF0043FA5F /* MeshData.swift in Sources */,
				7DE0C2A61FD3E0B30043FA5F /* MeshTools.swift in Sources */,
				7DE0C2A21FD3DFC60043FA5F /* ConsoleIO.swift in Sources */,
				7DE0C29B1FD3DF6E0043FA5F /* main.swift in Sources */,
				7DE0C2A31FD3E0850043FA5F /* AKMDLAssetModel.swift in Sources */,
				7DE0C2A11FD3DFC60043FA5F /* AugmentKitCLTools.swift in Sources */,
				7DE0C2A71FD3E0C40043FA5F /* MetalUtilities.swift in Sources */,
				7DE0C2A41FD3E0AB0043FA5F /* Serialize.swift in Sources */,
			);
			runOnlyForDeploymentPostprocessing = 0;
		};
/* End PBXSourcesBuildPhase section */

/* Begin PBXTargetDependency section */
		7D6E6B521F8F19C300EFC667 /* PBXTargetDependency */ = {
			isa = PBXTargetDependency;
			target = 7D6E6B461F8F19C300EFC667 /* AugmentKit */;
			targetProxy = 7D6E6B511F8F19C300EFC667 /* PBXContainerItemProxy */;
		};
		7DA9936E1F907A9A00595435 /* PBXTargetDependency */ = {
			isa = PBXTargetDependency;
			target = 7D6E6B461F8F19C300EFC667 /* AugmentKit */;
			targetProxy = 7DA9936D1F907A9A00595435 /* PBXContainerItemProxy */;
		};
/* End PBXTargetDependency section */

/* Begin PBXVariantGroup section */
		7D88D7B31F0AFD550009A154 /* Main.storyboard */ = {
			isa = PBXVariantGroup;
			children = (
				7D88D7B41F0AFD550009A154 /* Base */,
			);
			name = Main.storyboard;
			sourceTree = "<group>";
		};
		7D88D7B81F0AFD560009A154 /* LaunchScreen.storyboard */ = {
			isa = PBXVariantGroup;
			children = (
				7D88D7B91F0AFD560009A154 /* Base */,
			);
			name = LaunchScreen.storyboard;
			sourceTree = "<group>";
		};
		7DB2C4E91FDC588F00B355A2 /* Main.storyboard */ = {
			isa = PBXVariantGroup;
			children = (
				7DB2C4EA1FDC588F00B355A2 /* Base */,
			);
			name = Main.storyboard;
			sourceTree = "<group>";
		};
		7DB2C4EE1FDC588F00B355A2 /* LaunchScreen.storyboard */ = {
			isa = PBXVariantGroup;
			children = (
				7DB2C4EF1FDC588F00B355A2 /* Base */,
			);
			name = LaunchScreen.storyboard;
			sourceTree = "<group>";
		};
/* End PBXVariantGroup section */

/* Begin XCBuildConfiguration section */
		7D6E6B581F8F19C400EFC667 /* Debug */ = {
			isa = XCBuildConfiguration;
			buildSettings = {
				CLANG_ALLOW_NON_MODULAR_INCLUDES_IN_FRAMEWORK_MODULES = YES;
				CODE_SIGN_IDENTITY = "";
				CODE_SIGN_STYLE = Automatic;
				CURRENT_PROJECT_VERSION = 1;
				DEFINES_MODULE = YES;
				DEVELOPMENT_TEAM = 3XDE7T392Z;
				DYLIB_COMPATIBILITY_VERSION = 1;
				DYLIB_CURRENT_VERSION = 1;
				DYLIB_INSTALL_NAME_BASE = "@rpath";
				INFOPLIST_FILE = AugmentKit/Info.plist;
				INSTALL_PATH = "$(LOCAL_LIBRARY_DIR)/Frameworks";
				LD_RUNPATH_SEARCH_PATHS = "$(inherited) @executable_path/Frameworks @loader_path/Frameworks";
				PRODUCT_BUNDLE_IDENTIFIER = com.tenthlettermade.AugmentKit;
				PRODUCT_NAME = "$(TARGET_NAME:c99extidentifier)";
				SKIP_INSTALL = YES;
				SWIFT_INCLUDE_PATHS = "$(SRCROOT)/AugmentKit/Renderer/**";
				SWIFT_VERSION = 4.0;
				TARGETED_DEVICE_FAMILY = "1,2";
				VERSIONING_SYSTEM = "apple-generic";
				VERSION_INFO_PREFIX = "";
			};
			name = Debug;
		};
		7D6E6B591F8F19C400EFC667 /* Release */ = {
			isa = XCBuildConfiguration;
			buildSettings = {
				CLANG_ALLOW_NON_MODULAR_INCLUDES_IN_FRAMEWORK_MODULES = YES;
				CODE_SIGN_IDENTITY = "";
				CODE_SIGN_STYLE = Automatic;
				CURRENT_PROJECT_VERSION = 1;
				DEFINES_MODULE = YES;
				DEVELOPMENT_TEAM = 3XDE7T392Z;
				DYLIB_COMPATIBILITY_VERSION = 1;
				DYLIB_CURRENT_VERSION = 1;
				DYLIB_INSTALL_NAME_BASE = "@rpath";
				INFOPLIST_FILE = AugmentKit/Info.plist;
				INSTALL_PATH = "$(LOCAL_LIBRARY_DIR)/Frameworks";
				LD_RUNPATH_SEARCH_PATHS = "$(inherited) @executable_path/Frameworks @loader_path/Frameworks";
				PRODUCT_BUNDLE_IDENTIFIER = com.tenthlettermade.AugmentKit;
				PRODUCT_NAME = "$(TARGET_NAME:c99extidentifier)";
				SKIP_INSTALL = YES;
				SWIFT_INCLUDE_PATHS = "$(SRCROOT)/AugmentKit/Renderer/**";
				SWIFT_VERSION = 4.0;
				TARGETED_DEVICE_FAMILY = "1,2";
				VERSIONING_SYSTEM = "apple-generic";
				VERSION_INFO_PREFIX = "";
			};
			name = Release;
		};
		7D6E6B5A1F8F19C400EFC667 /* Debug */ = {
			isa = XCBuildConfiguration;
			buildSettings = {
				ALWAYS_EMBED_SWIFT_STANDARD_LIBRARIES = YES;
				CODE_SIGN_STYLE = Automatic;
				DEVELOPMENT_TEAM = 3XDE7T392Z;
				INFOPLIST_FILE = AugmentKitTests/Info.plist;
				LD_RUNPATH_SEARCH_PATHS = "$(inherited) @executable_path/Frameworks @loader_path/Frameworks";
				PRODUCT_BUNDLE_IDENTIFIER = com.tenthlettermade.AugmentKitTests;
				PRODUCT_NAME = "$(TARGET_NAME)";
				SWIFT_VERSION = 4.0;
				TARGETED_DEVICE_FAMILY = "1,2";
			};
			name = Debug;
		};
		7D6E6B5B1F8F19C400EFC667 /* Release */ = {
			isa = XCBuildConfiguration;
			buildSettings = {
				ALWAYS_EMBED_SWIFT_STANDARD_LIBRARIES = YES;
				CODE_SIGN_STYLE = Automatic;
				DEVELOPMENT_TEAM = 3XDE7T392Z;
				INFOPLIST_FILE = AugmentKitTests/Info.plist;
				LD_RUNPATH_SEARCH_PATHS = "$(inherited) @executable_path/Frameworks @loader_path/Frameworks";
				PRODUCT_BUNDLE_IDENTIFIER = com.tenthlettermade.AugmentKitTests;
				PRODUCT_NAME = "$(TARGET_NAME)";
				SWIFT_VERSION = 4.0;
				TARGETED_DEVICE_FAMILY = "1,2";
			};
			name = Release;
		};
		7D88D7BD1F0AFD560009A154 /* Debug */ = {
			isa = XCBuildConfiguration;
			buildSettings = {
				ALWAYS_SEARCH_USER_PATHS = NO;
				CLANG_ANALYZER_NONNULL = YES;
				CLANG_ANALYZER_NUMBER_OBJECT_CONVERSION = YES_AGGRESSIVE;
				CLANG_CXX_LANGUAGE_STANDARD = "gnu++14";
				CLANG_CXX_LIBRARY = "libc++";
				CLANG_ENABLE_MODULES = YES;
				CLANG_ENABLE_OBJC_ARC = YES;
				CLANG_WARN_BLOCK_CAPTURE_AUTORELEASING = YES;
				CLANG_WARN_BOOL_CONVERSION = YES;
				CLANG_WARN_COMMA = YES;
				CLANG_WARN_CONSTANT_CONVERSION = YES;
				CLANG_WARN_DIRECT_OBJC_ISA_USAGE = YES_ERROR;
				CLANG_WARN_DOCUMENTATION_COMMENTS = YES;
				CLANG_WARN_EMPTY_BODY = YES;
				CLANG_WARN_ENUM_CONVERSION = YES;
				CLANG_WARN_INFINITE_RECURSION = YES;
				CLANG_WARN_INT_CONVERSION = YES;
				CLANG_WARN_NON_LITERAL_NULL_CONVERSION = YES;
				CLANG_WARN_OBJC_LITERAL_CONVERSION = YES;
				CLANG_WARN_OBJC_ROOT_CLASS = YES_ERROR;
				CLANG_WARN_RANGE_LOOP_ANALYSIS = YES;
				CLANG_WARN_STRICT_PROTOTYPES = YES;
				CLANG_WARN_SUSPICIOUS_MOVE = YES;
				CLANG_WARN_UNGUARDED_AVAILABILITY = YES_AGGRESSIVE;
				CLANG_WARN_UNREACHABLE_CODE = YES;
				CLANG_WARN__DUPLICATE_METHOD_MATCH = YES;
				CODE_SIGN_IDENTITY = "iPhone Developer";
				COPY_PHASE_STRIP = NO;
				DEBUG_INFORMATION_FORMAT = dwarf;
				ENABLE_STRICT_OBJC_MSGSEND = YES;
				ENABLE_TESTABILITY = YES;
				GCC_C_LANGUAGE_STANDARD = gnu11;
				GCC_DYNAMIC_NO_PIC = NO;
				GCC_NO_COMMON_BLOCKS = YES;
				GCC_OPTIMIZATION_LEVEL = 0;
				GCC_PREPROCESSOR_DEFINITIONS = (
					"DEBUG=1",
					"$(inherited)",
				);
				GCC_WARN_64_TO_32_BIT_CONVERSION = YES;
				GCC_WARN_ABOUT_RETURN_TYPE = YES_ERROR;
				GCC_WARN_UNDECLARED_SELECTOR = YES;
				GCC_WARN_UNINITIALIZED_AUTOS = YES_AGGRESSIVE;
				GCC_WARN_UNUSED_FUNCTION = YES;
				GCC_WARN_UNUSED_VARIABLE = YES;
				IPHONEOS_DEPLOYMENT_TARGET = 11.0;
				MTL_ENABLE_DEBUG_INFO = YES;
				ONLY_ACTIVE_ARCH = YES;
				SDKROOT = iphoneos;
				SWIFT_ACTIVE_COMPILATION_CONDITIONS = DEBUG;
				SWIFT_OPTIMIZATION_LEVEL = "-Onone";
			};
			name = Debug;
		};
		7D88D7BE1F0AFD560009A154 /* Release */ = {
			isa = XCBuildConfiguration;
			buildSettings = {
				ALWAYS_SEARCH_USER_PATHS = NO;
				CLANG_ANALYZER_NONNULL = YES;
				CLANG_ANALYZER_NUMBER_OBJECT_CONVERSION = YES_AGGRESSIVE;
				CLANG_CXX_LANGUAGE_STANDARD = "gnu++14";
				CLANG_CXX_LIBRARY = "libc++";
				CLANG_ENABLE_MODULES = YES;
				CLANG_ENABLE_OBJC_ARC = YES;
				CLANG_WARN_BLOCK_CAPTURE_AUTORELEASING = YES;
				CLANG_WARN_BOOL_CONVERSION = YES;
				CLANG_WARN_COMMA = YES;
				CLANG_WARN_CONSTANT_CONVERSION = YES;
				CLANG_WARN_DIRECT_OBJC_ISA_USAGE = YES_ERROR;
				CLANG_WARN_DOCUMENTATION_COMMENTS = YES;
				CLANG_WARN_EMPTY_BODY = YES;
				CLANG_WARN_ENUM_CONVERSION = YES;
				CLANG_WARN_INFINITE_RECURSION = YES;
				CLANG_WARN_INT_CONVERSION = YES;
				CLANG_WARN_NON_LITERAL_NULL_CONVERSION = YES;
				CLANG_WARN_OBJC_LITERAL_CONVERSION = YES;
				CLANG_WARN_OBJC_ROOT_CLASS = YES_ERROR;
				CLANG_WARN_RANGE_LOOP_ANALYSIS = YES;
				CLANG_WARN_STRICT_PROTOTYPES = YES;
				CLANG_WARN_SUSPICIOUS_MOVE = YES;
				CLANG_WARN_UNGUARDED_AVAILABILITY = YES_AGGRESSIVE;
				CLANG_WARN_UNREACHABLE_CODE = YES;
				CLANG_WARN__DUPLICATE_METHOD_MATCH = YES;
				CODE_SIGN_IDENTITY = "iPhone Developer";
				COPY_PHASE_STRIP = NO;
				DEBUG_INFORMATION_FORMAT = "dwarf-with-dsym";
				ENABLE_NS_ASSERTIONS = NO;
				ENABLE_STRICT_OBJC_MSGSEND = YES;
				GCC_C_LANGUAGE_STANDARD = gnu11;
				GCC_NO_COMMON_BLOCKS = YES;
				GCC_WARN_64_TO_32_BIT_CONVERSION = YES;
				GCC_WARN_ABOUT_RETURN_TYPE = YES_ERROR;
				GCC_WARN_UNDECLARED_SELECTOR = YES;
				GCC_WARN_UNINITIALIZED_AUTOS = YES_AGGRESSIVE;
				GCC_WARN_UNUSED_FUNCTION = YES;
				GCC_WARN_UNUSED_VARIABLE = YES;
				IPHONEOS_DEPLOYMENT_TARGET = 11.0;
				MTL_ENABLE_DEBUG_INFO = NO;
				SDKROOT = iphoneos;
				SWIFT_OPTIMIZATION_LEVEL = "-Owholemodule";
				VALIDATE_PRODUCT = YES;
			};
			name = Release;
		};
		7D88D7C01F0AFD560009A154 /* Debug */ = {
			isa = XCBuildConfiguration;
			buildSettings = {
				ALWAYS_EMBED_SWIFT_STANDARD_LIBRARIES = YES;
				ASSETCATALOG_COMPILER_APPICON_NAME = AppIcon;
				DEVELOPMENT_TEAM = 3XDE7T392Z;
				INFOPLIST_FILE = AugmentKit2/Info.plist;
				LD_RUNPATH_SEARCH_PATHS = "$(inherited) @executable_path/Frameworks";
				PRODUCT_BUNDLE_IDENTIFIER = com.tenthlettermade.AugmentKit2;
				PRODUCT_NAME = "$(TARGET_NAME)";
				SWIFT_INCLUDE_PATHS = "${SRCROOT}/Libraries/Zip/minizip";
				SWIFT_VERSION = 4.0;
				TARGETED_DEVICE_FAMILY = "1,2";
			};
			name = Debug;
		};
		7D88D7C11F0AFD560009A154 /* Release */ = {
			isa = XCBuildConfiguration;
			buildSettings = {
				ALWAYS_EMBED_SWIFT_STANDARD_LIBRARIES = YES;
				ASSETCATALOG_COMPILER_APPICON_NAME = AppIcon;
				DEVELOPMENT_TEAM = 3XDE7T392Z;
				INFOPLIST_FILE = AugmentKit2/Info.plist;
				LD_RUNPATH_SEARCH_PATHS = "$(inherited) @executable_path/Frameworks";
				PRODUCT_BUNDLE_IDENTIFIER = com.tenthlettermade.AugmentKit2;
				PRODUCT_NAME = "$(TARGET_NAME)";
				SWIFT_INCLUDE_PATHS = "${SRCROOT}/Libraries/Zip/minizip";
				SWIFT_VERSION = 4.0;
				TARGETED_DEVICE_FAMILY = "1,2";
			};
			name = Release;
		};
		7DB2C5081FDC589000B355A2 /* Debug */ = {
			isa = XCBuildConfiguration;
			buildSettings = {
				ASSETCATALOG_COMPILER_APPICON_NAME = AppIcon;
				CODE_SIGN_STYLE = Automatic;
				DEVELOPMENT_TEAM = 3XDE7T392Z;
				INFOPLIST_FILE = AugmentKitCLTools/Info.plist;
				IPHONEOS_DEPLOYMENT_TARGET = 11.2;
				LD_RUNPATH_SEARCH_PATHS = "$(inherited) @executable_path/Frameworks";
				PRODUCT_BUNDLE_IDENTIFIER = com.tenthlettermade.AugmentKitCLTools;
				PRODUCT_NAME = "$(TARGET_NAME)";
				SWIFT_INCLUDE_PATHS = "$(SRCROOT)/AugmentKit/Renderer/**";
				SWIFT_VERSION = 4.0;
				TARGETED_DEVICE_FAMILY = "1,2";
			};
			name = Debug;
		};
		7DB2C5091FDC589000B355A2 /* Release */ = {
			isa = XCBuildConfiguration;
			buildSettings = {
				ASSETCATALOG_COMPILER_APPICON_NAME = AppIcon;
				CODE_SIGN_STYLE = Automatic;
				DEVELOPMENT_TEAM = 3XDE7T392Z;
				INFOPLIST_FILE = AugmentKitCLTools/Info.plist;
				IPHONEOS_DEPLOYMENT_TARGET = 11.2;
				LD_RUNPATH_SEARCH_PATHS = "$(inherited) @executable_path/Frameworks";
				PRODUCT_BUNDLE_IDENTIFIER = com.tenthlettermade.AugmentKitCLTools;
				PRODUCT_NAME = "$(TARGET_NAME)";
				SWIFT_INCLUDE_PATHS = "$(SRCROOT)/AugmentKit/Renderer/**";
				SWIFT_VERSION = 4.0;
				TARGETED_DEVICE_FAMILY = "1,2";
			};
			name = Release;
		};
		7DE0C29C1FD3DF6E0043FA5F /* Debug */ = {
			isa = XCBuildConfiguration;
			buildSettings = {
				CODE_SIGN_IDENTITY = "Mac Developer";
				CODE_SIGN_STYLE = Automatic;
				DEVELOPMENT_TEAM = 3XDE7T392Z;
				MACOSX_DEPLOYMENT_TARGET = 10.13;
				PRODUCT_NAME = "$(TARGET_NAME)";
				SDKROOT = macosx;
				SWIFT_INCLUDE_PATHS = "$(SRCROOT)/AugmentKit/Renderer/**";
				SWIFT_VERSION = 4.0;
			};
			name = Debug;
		};
		7DE0C29D1FD3DF6E0043FA5F /* Release */ = {
			isa = XCBuildConfiguration;
			buildSettings = {
				CODE_SIGN_IDENTITY = "Mac Developer";
				CODE_SIGN_STYLE = Automatic;
				DEVELOPMENT_TEAM = 3XDE7T392Z;
				MACOSX_DEPLOYMENT_TARGET = 10.13;
				PRODUCT_NAME = "$(TARGET_NAME)";
				SDKROOT = macosx;
				SWIFT_INCLUDE_PATHS = "$(SRCROOT)/AugmentKit/Renderer/**";
				SWIFT_VERSION = 4.0;
			};
			name = Release;
		};
/* End XCBuildConfiguration section */

/* Begin XCConfigurationList section */
		7D6E6B5C1F8F19C400EFC667 /* Build configuration list for PBXNativeTarget "AugmentKit" */ = {
			isa = XCConfigurationList;
			buildConfigurations = (
				7D6E6B581F8F19C400EFC667 /* Debug */,
				7D6E6B591F8F19C400EFC667 /* Release */,
			);
			defaultConfigurationIsVisible = 0;
			defaultConfigurationName = Release;
		};
		7D6E6B5D1F8F19C400EFC667 /* Build configuration list for PBXNativeTarget "AugmentKitTests" */ = {
			isa = XCConfigurationList;
			buildConfigurations = (
				7D6E6B5A1F8F19C400EFC667 /* Debug */,
				7D6E6B5B1F8F19C400EFC667 /* Release */,
			);
			defaultConfigurationIsVisible = 0;
			defaultConfigurationName = Release;
		};
		7D88D7A21F0AFD550009A154 /* Build configuration list for PBXProject "AugmentKit2" */ = {
			isa = XCConfigurationList;
			buildConfigurations = (
				7D88D7BD1F0AFD560009A154 /* Debug */,
				7D88D7BE1F0AFD560009A154 /* Release */,
			);
			defaultConfigurationIsVisible = 0;
			defaultConfigurationName = Release;
		};
		7D88D7BF1F0AFD560009A154 /* Build configuration list for PBXNativeTarget "AugmentKit2Demo" */ = {
			isa = XCConfigurationList;
			buildConfigurations = (
				7D88D7C01F0AFD560009A154 /* Debug */,
				7D88D7C11F0AFD560009A154 /* Release */,
			);
			defaultConfigurationIsVisible = 0;
			defaultConfigurationName = Release;
		};
		7DB2C50E1FDC589000B355A2 /* Build configuration list for PBXNativeTarget "AugmentKitCLTools" */ = {
			isa = XCConfigurationList;
			buildConfigurations = (
				7DB2C5081FDC589000B355A2 /* Debug */,
				7DB2C5091FDC589000B355A2 /* Release */,
			);
			defaultConfigurationIsVisible = 0;
			defaultConfigurationName = Release;
		};
		7DE0C29E1FD3DF6E0043FA5F /* Build configuration list for PBXNativeTarget "akcltool" */ = {
			isa = XCConfigurationList;
			buildConfigurations = (
				7DE0C29C1FD3DF6E0043FA5F /* Debug */,
				7DE0C29D1FD3DF6E0043FA5F /* Release */,
			);
			defaultConfigurationIsVisible = 0;
			defaultConfigurationName = Release;
		};
/* End XCConfigurationList section */
	};
	rootObject = 7D88D79F1F0AFD550009A154 /* Project object */;
}
